{
	"name": "@arcticnotes/keyframe-ppt",
	"version": "0.0.1",
	"lockfileVersion": 3,
	"requires": true,
	"packages": {
		"": {
			"name": "@arcticnotes/keyframe-ppt",
			"version": "0.0.1",
			"license": "MIT",
			"dependencies": {
				"@arcticnotes/keyframe-core": "0.0.1",
				"@arcticnotes/node-wsh": "0.0.11"
			}
		},
		"node_modules/@arcticnotes/keyframe-core": {
			"version": "0.0.1",
			"resolved": "https://registry.npmjs.org/@arcticnotes/keyframe-core/-/keyframe-core-0.0.1.tgz",
			"integrity": "sha512-mN1qSEJL5hv7+0Dp1JPnMTSUgla+NHY7BFWwOM99Vk5CDF9WHbQM/1u403oTVeXGoKSGiiRsLrxOUuq1gyum/Q==",
			"license": "MIT"
		},
		"node_modules/@arcticnotes/node-wsh": {
			"version": "0.0.11",
			"resolved": "https://registry.npmjs.org/@arcticnotes/node-wsh/-/node-wsh-0.0.11.tgz",
			"integrity": "sha512-F5j9ZuEJ67UprDEyLuBmjiQTN7sAA5n1FkdCKQSEE1YEJyLCcrhaWyaHWBlDxvU1IG5WHbJgt8KKCRP8QdLxDQ==",
			"license": "MIT",
			"dependencies": {
				"@arcticnotes/syncline": "0.0.3"
			}
		},
		"node_modules/@arcticnotes/syncline": {
			"version": "0.0.3",
			"resolved": "https://registry.npmjs.org/@arcticnotes/syncline/-/syncline-0.0.3.tgz",
			"integrity": "sha512-lZ9bnSW8SQx0txEWkYRyso55VkE7ujModmNE1G1CJEowzmnkdjwIfrGIl6h+t+GHqZT6tXzjx+3gj261njCROw==",
			"license": "MIT"
		}
	}
}
